
Microsoft Visual Studio Solution File, Format Version 12.00
# Visual Studio Version 16
VisualStudioVersion = 16.0.29728.190
MinimumVisualStudioVersion = 10.0.40219.1
Project("{888888A0-9F3D-457C-B088-3A5042F75D52}") = "BlogDjango", "BlogDjango\BlogDjango.pyproj", "{2D01C54F-6312-4C1B-A41A-29EA4035C2C3}"
EndProject
Global
	GlobalSection(SolutionConfigurationPlatforms) = preSolution
		Debug|Any CPU = Debug|Any CPU
		Release|Any CPU = Release|Any CPU
	EndGlobalSection
	GlobalSection(ProjectConfigurationPlatforms) = postSolution
		{2D01C54F-6312-4C1B-A41A-29EA4035C2C3}.Debug|Any CPU.ActiveCfg = Debug|Any CPU
		{2D01C54F-6312-4C1B-A41A-29EA4035C2C3}.Debug|Any CPU.Build.0 = Debug|Any CPU
		{2D01C54F-6312-4C1B-A41A-29EA4035C2C3}.Release|Any CPU.ActiveCfg = Release|Any CPU
		{2D01C54F-6312-4C1B-A41A-29EA4035C2C3}.Release|Any CPU.Build.0 = Release|Any CPU
	EndGlobalSection
	GlobalSection(SolutionProperties) = preSolution
		HideSolutionNode = FALSE
	EndGlobalSection
	GlobalSection(ExtensibilityGlobals) = postSolution
		SolutionGuid = {90348961-52A0-46FA-893B-E91EB7E45983}
	EndGlobalSection
EndGlobal
